
Microsoft Visual Studio Solution File, Format Version 12.00
# Visual Studio Version 16
VisualStudioVersion = 16.0.31515.178
MinimumVisualStudioVersion = 10.0.40219.1
Project("{9A19103F-16F7-4668-BE54-9A1E7A4F7556}") = "Canon Calculator", "Print Price Calculator\Canon Calculator.csproj", "{A30BA446-E88B-4A7D-99E8-ABC49EBE279A}"
EndProject
Global
	GlobalSection(SolutionConfigurationPlatforms) = preSolution
		Debug|Any CPU = Debug|Any CPU
		Release|Any CPU = Release|Any CPU
	EndGlobalSection
	GlobalSection(ProjectConfigurationPlatforms) = postSolution
		{A30BA446-E88B-4A7D-99E8-ABC49EBE279A}.Debug|Any CPU.ActiveCfg = Debug|Any CPU
		{A30BA446-E88B-4A7D-99E8-ABC49EBE279A}.Debug|Any CPU.Build.0 = Debug|Any CPU
		{A30BA446-E88B-4A7D-99E8-ABC49EBE279A}.Release|Any CPU.ActiveCfg = Release|Any CPU
		{A30BA446-E88B-4A7D-99E8-ABC49EBE279A}.Release|Any CPU.Build.0 = Release|Any CPU
	EndGlobalSection
	GlobalSection(SolutionProperties) = preSolution
		HideSolutionNode = FALSE
	EndGlobalSection
	GlobalSection(ExtensibilityGlobals) = postSolution
		SolutionGuid = {F46D9621-4CD7-4914-9412-D306F649485C}
	EndGlobalSection
EndGlobal
